
Microsoft Visual Studio Solution File, Format Version 12.00
# Visual Studio 2012
Project("{FAE04EC0-301F-11D3-BF4B-00C04F79EFBC}") = "task2101214", "task2101214\task2101214.csproj", "{8CEBB448-6E14-4242-8F0B-06FE3DC05A8F}"
EndProject
Global
	GlobalSection(SolutionConfigurationPlatforms) = preSolution
		Debug|Any CPU = Debug|Any CPU
		Release|Any CPU = Release|Any CPU
	EndGlobalSection
	GlobalSection(ProjectConfigurationPlatforms) = postSolution
		{8CEBB448-6E14-4242-8F0B-06FE3DC05A8F}.Debug|Any CPU.ActiveCfg = Debug|Any CPU
		{8CEBB448-6E14-4242-8F0B-06FE3DC05A8F}.Debug|Any CPU.Build.0 = Debug|Any CPU
		{8CEBB448-6E14-4242-8F0B-06FE3DC05A8F}.Release|Any CPU.ActiveCfg = Release|Any CPU
		{8CEBB448-6E14-4242-8F0B-06FE3DC05A8F}.Release|Any CPU.Build.0 = Release|Any CPU
	EndGlobalSection
	GlobalSection(SolutionProperties) = preSolution
		HideSolutionNode = FALSE
	EndGlobalSection
EndGlobal
